
Microsoft Visual Studio Solution File, Format Version 12.00
# Visual Studio Version 16
VisualStudioVersion = 16.0.29905.134
MinimumVisualStudioVersion = 10.0.40219.1
Project("{FAE04EC0-301F-11D3-BF4B-00C04F79EFBC}") = "ArganTest", "ArganTest\ArganTest.csproj", "{0EF799A5-2704-4866-A51B-B5ED9793ACD1}"
EndProject
Global
	GlobalSection(SolutionConfigurationPlatforms) = preSolution
		Debug|Any CPU = Debug|Any CPU
		Release|Any CPU = Release|Any CPU
	EndGlobalSection
	GlobalSection(ProjectConfigurationPlatforms) = postSolution
		{0EF799A5-2704-4866-A51B-B5ED9793ACD1}.Debug|Any CPU.ActiveCfg = Debug|Any CPU
		{0EF799A5-2704-4866-A51B-B5ED9793ACD1}.Debug|Any CPU.Build.0 = Debug|Any CPU
		{0EF799A5-2704-4866-A51B-B5ED9793ACD1}.Release|Any CPU.ActiveCfg = Release|Any CPU
		{0EF799A5-2704-4866-A51B-B5ED9793ACD1}.Release|Any CPU.Build.0 = Release|Any CPU
	EndGlobalSection
	GlobalSection(SolutionProperties) = preSolution
		HideSolutionNode = FALSE
	EndGlobalSection
	GlobalSection(ExtensibilityGlobals) = postSolution
		SolutionGuid = {8497E4D0-B8E8-48B8-9A1B-1AF35C8D6DC3}
	EndGlobalSection
EndGlobal
